
Microsoft Visual Studio Solution File, Format Version 12.00
# Visual Studio Version 17
VisualStudioVersion = 17.0.32112.339
MinimumVisualStudioVersion = 10.0.40219.1
Project("{FAE04EC0-301F-11D3-BF4B-00C04F79EFBC}") = "TBS", "TBS.csproj", "{0B636B62-71F9-4D1A-AFDA-4E19E246BB43}"
EndProject
Global
	GlobalSection(SolutionConfigurationPlatforms) = preSolution
		Debug|Any CPU = Debug|Any CPU
		Release|Any CPU = Release|Any CPU
	EndGlobalSection
	GlobalSection(ProjectConfigurationPlatforms) = postSolution
		{0B636B62-71F9-4D1A-AFDA-4E19E246BB43}.Debug|Any CPU.ActiveCfg = Debug|Any CPU
		{0B636B62-71F9-4D1A-AFDA-4E19E246BB43}.Debug|Any CPU.Build.0 = Debug|Any CPU
		{0B636B62-71F9-4D1A-AFDA-4E19E246BB43}.Release|Any CPU.ActiveCfg = Release|Any CPU
		{0B636B62-71F9-4D1A-AFDA-4E19E246BB43}.Release|Any CPU.Build.0 = Release|Any CPU
	EndGlobalSection
	GlobalSection(SolutionProperties) = preSolution
		HideSolutionNode = FALSE
	EndGlobalSection
	GlobalSection(ExtensibilityGlobals) = postSolution
		SolutionGuid = {F381FDEA-63DF-4204-903A-7C5D5AB26A6D}
	EndGlobalSection
EndGlobal
